
Microsoft Visual Studio Solution File, Format Version 12.00
# Visual Studio 15
VisualStudioVersion = 15.0.27004.2010
MinimumVisualStudioVersion = 10.0.40219.1
Project("{FAE04EC0-301F-11D3-BF4B-00C04F79EFBC}") = "skillpoint", "skillpoint\skillpoint.csproj", "{D9E3F823-A859-4246-8764-8E4F05E5458A}"
EndProject
Global
	GlobalSection(SolutionConfigurationPlatforms) = preSolution
		Debug|Any CPU = Debug|Any CPU
		Release|Any CPU = Release|Any CPU
	EndGlobalSection
	GlobalSection(ProjectConfigurationPlatforms) = postSolution
		{D9E3F823-A859-4246-8764-8E4F05E5458A}.Debug|Any CPU.ActiveCfg = Debug|Any CPU
		{D9E3F823-A859-4246-8764-8E4F05E5458A}.Debug|Any CPU.Build.0 = Debug|Any CPU
		{D9E3F823-A859-4246-8764-8E4F05E5458A}.Release|Any CPU.ActiveCfg = Release|Any CPU
		{D9E3F823-A859-4246-8764-8E4F05E5458A}.Release|Any CPU.Build.0 = Release|Any CPU
	EndGlobalSection
	GlobalSection(SolutionProperties) = preSolution
		HideSolutionNode = FALSE
	EndGlobalSection
	GlobalSection(ExtensibilityGlobals) = postSolution
		SolutionGuid = {6C3A3A2E-4634-4F5C-8D65-8B92C670A913}
	EndGlobalSection
EndGlobal
